
Microsoft Visual Studio Solution File, Format Version 12.00
# Visual Studio 15
VisualStudioVersion = 15.0.27428.2037
MinimumVisualStudioVersion = 10.0.40219.1
Project("{FAE04EC0-301F-11D3-BF4B-00C04F79EFBC}") = "Market", "Market\Market.csproj", "{643D09BC-823C-4CA8-AB19-24A80F9F63C1}"
EndProject
Project("{FAE04EC0-301F-11D3-BF4B-00C04F79EFBC}") = "Market.Tests", "Market.Tests\Market.Tests.csproj", "{A00E35A2-1FB9-497F-A7D6-89C376AFEF91}"
EndProject
Global
	GlobalSection(SolutionConfigurationPlatforms) = preSolution
		Debug|Any CPU = Debug|Any CPU
		Release|Any CPU = Release|Any CPU
	EndGlobalSection
	GlobalSection(ProjectConfigurationPlatforms) = postSolution
		{643D09BC-823C-4CA8-AB19-24A80F9F63C1}.Debug|Any CPU.ActiveCfg = Debug|Any CPU
		{643D09BC-823C-4CA8-AB19-24A80F9F63C1}.Debug|Any CPU.Build.0 = Debug|Any CPU
		{643D09BC-823C-4CA8-AB19-24A80F9F63C1}.Release|Any CPU.ActiveCfg = Release|Any CPU
		{643D09BC-823C-4CA8-AB19-24A80F9F63C1}.Release|Any CPU.Build.0 = Release|Any CPU
		{A00E35A2-1FB9-497F-A7D6-89C376AFEF91}.Debug|Any CPU.ActiveCfg = Debug|Any CPU
		{A00E35A2-1FB9-497F-A7D6-89C376AFEF91}.Debug|Any CPU.Build.0 = Debug|Any CPU
		{A00E35A2-1FB9-497F-A7D6-89C376AFEF91}.Release|Any CPU.ActiveCfg = Release|Any CPU
		{A00E35A2-1FB9-497F-A7D6-89C376AFEF91}.Release|Any CPU.Build.0 = Release|Any CPU
	EndGlobalSection
	GlobalSection(SolutionProperties) = preSolution
		HideSolutionNode = FALSE
	EndGlobalSection
	GlobalSection(ExtensibilityGlobals) = postSolution
		SolutionGuid = {7AAE0FC8-6CF3-492F-B89C-AEC503E1FE2E}
	EndGlobalSection
EndGlobal
